
Microsoft Visual Studio Solution File, Format Version 12.00
# Visual Studio Version 17
VisualStudioVersion = 17.7.34202.233
MinimumVisualStudioVersion = 10.0.40219.1
Project("{9A19103F-16F7-4668-BE54-9A1E7A4F7556}") = "PetCoffee.API", "PetCoffee\PetCoffee.API.csproj", "{8D581243-CED9-47AE-8D9B-F1A7C1BFE5B6}"
EndProject
Project("{9A19103F-16F7-4668-BE54-9A1E7A4F7556}") = "PetCoffee.Application", "PetCoffee.Application\PetCoffee.Application.csproj", "{B0FB6A00-08AA-459B-B6A5-6FC590AA0B46}"
EndProject
Project("{9A19103F-16F7-4668-BE54-9A1E7A4F7556}") = "PetCoffee.Domain", "PetCoffee.Domain\PetCoffee.Domain.csproj", "{ED7BB4C2-8A99-4F93-98FF-35BC04F2752C}"
EndProject
Project("{9A19103F-16F7-4668-BE54-9A1E7A4F7556}") = "PetCoffee.Infrastructure", "PetCoffee.Infrastructure\PetCoffee.Infrastructure.csproj", "{B85FE6DB-67AC-4115-98BF-E854B021E31E}"
EndProject
Project("{9A19103F-16F7-4668-BE54-9A1E7A4F7556}") = "PetCoffee.Shared", "PetCoffee.Shared\PetCoffee.Shared.csproj", "{148B535E-C627-4023-AA94-B754BFE06F36}"
EndProject
Global
	GlobalSection(SolutionConfigurationPlatforms) = preSolution
		Debug|Any CPU = Debug|Any CPU
		Release|Any CPU = Release|Any CPU
	EndGlobalSection
	GlobalSection(ProjectConfigurationPlatforms) = postSolution
		{8D581243-CED9-47AE-8D9B-F1A7C1BFE5B6}.Debug|Any CPU.ActiveCfg = Debug|Any CPU
		{8D581243-CED9-47AE-8D9B-F1A7C1BFE5B6}.Debug|Any CPU.Build.0 = Debug|Any CPU
		{8D581243-CED9-47AE-8D9B-F1A7C1BFE5B6}.Release|Any CPU.ActiveCfg = Release|Any CPU
		{8D581243-CED9-47AE-8D9B-F1A7C1BFE5B6}.Release|Any CPU.Build.0 = Release|Any CPU
		{B0FB6A00-08AA-459B-B6A5-6FC590AA0B46}.Debug|Any CPU.ActiveCfg = Debug|Any CPU
		{B0FB6A00-08AA-459B-B6A5-6FC590AA0B46}.Debug|Any CPU.Build.0 = Debug|Any CPU
		{B0FB6A00-08AA-459B-B6A5-6FC590AA0B46}.Release|Any CPU.ActiveCfg = Release|Any CPU
		{B0FB6A00-08AA-459B-B6A5-6FC590AA0B46}.Release|Any CPU.Build.0 = Release|Any CPU
		{ED7BB4C2-8A99-4F93-98FF-35BC04F2752C}.Debug|Any CPU.ActiveCfg = Debug|Any CPU
		{ED7BB4C2-8A99-4F93-98FF-35BC04F2752C}.Debug|Any CPU.Build.0 = Debug|Any CPU
		{ED7BB4C2-8A99-4F93-98FF-35BC04F2752C}.Release|Any CPU.ActiveCfg = Release|Any CPU
		{ED7BB4C2-8A99-4F93-98FF-35BC04F2752C}.Release|Any CPU.Build.0 = Release|Any CPU
		{B85FE6DB-67AC-4115-98BF-E854B021E31E}.Debug|Any CPU.ActiveCfg = Debug|Any CPU
		{B85FE6DB-67AC-4115-98BF-E854B021E31E}.Debug|Any CPU.Build.0 = Debug|Any CPU
		{B85FE6DB-67AC-4115-98BF-E854B021E31E}.Release|Any CPU.ActiveCfg = Release|Any CPU
		{B85FE6DB-67AC-4115-98BF-E854B021E31E}.Release|Any CPU.Build.0 = Release|Any CPU
		{148B535E-C627-4023-AA94-B754BFE06F36}.Debug|Any CPU.ActiveCfg = Debug|Any CPU
		{148B535E-C627-4023-AA94-B754BFE06F36}.Debug|Any CPU.Build.0 = Debug|Any CPU
		{148B535E-C627-4023-AA94-B754BFE06F36}.Release|Any CPU.ActiveCfg = Release|Any CPU
		{148B535E-C627-4023-AA94-B754BFE06F36}.Release|Any CPU.Build.0 = Release|Any CPU
	EndGlobalSection
	GlobalSection(SolutionProperties) = preSolution
		HideSolutionNode = FALSE
	EndGlobalSection
	GlobalSection(ExtensibilityGlobals) = postSolution
		SolutionGuid = {12941EB9-214B-4203-87EE-0D6BFE9AEBBD}
	EndGlobalSection
EndGlobal
